# THIS IS AN AUTOGENERATED FILE. DO NOT EDIT THIS FILE DIRECTLY.
# yarn lockfile v1


"@algolia/cache-browser-local-storage@4.10.3":
  version "4.10.3"
  resolved "https://registry.yarnpkg.com/@algolia/cache-browser-local-storage/-/cache-browser-local-storage-4.10.3.tgz#3bf81e0f66a4a1079a75914a987eb1ef432c7c68"
  integrity sha512-TD1N7zg5lb56/PLjjD4bBl2eccEvVHhC7yfgFu2r9k5tf+gvbGxEZ3NhRZVKu2MObUIcEy2VR4LVLxOQu45Hlg==
  dependencies:
    "@algolia/cache-common" "4.10.3"

"@algolia/cache-common@4.10.3":
  version "4.10.3"
  resolved "https://registry.yarnpkg.com/@algolia/cache-common/-/cache-common-4.10.3.tgz#311b2b5ae06d55300f4230944c99bc39ad15847d"
  integrity sha512-q13cPPUmtf8a2suBC4kySSr97EyulSXuxUkn7l1tZUCX/k1y5KNheMp8npBy8Kc8gPPmHpacxddRSfOncjiKFw==

"@algolia/cache-in-memory@4.10.3":
  version "4.10.3"
  resolved "https://registry.yarnpkg.com/@algolia/cache-in-memory/-/cache-in-memory-4.10.3.tgz#697e4994538426272ea29ccf2b32b46ea4c48862"
  integrity sha512-JhPajhOXAjUP+TZrZTh6KJpF5VKTKyWK2aR1cD8NtrcVHwfGS7fTyfXfVm5BqBqkD9U0gVvufUt/mVyI80aZww==
  dependencies:
    "@algolia/cache-common" "4.10.3"

"@algolia/client-account@4.10.3":
  version "4.10.3"
  resolved "https://registry.yarnpkg.com/@algolia/client-account/-/client-account-4.10.3.tgz#f2cbefb1abce74c341115607d6af199df1b056ae"
  integrity sha512-S/IsJB4s+e1xYctdpW3nAbwrR2y3pjSo9X21fJGoiGeIpTRdvQG7nydgsLkhnhcgAdLnmqBapYyAqMGmlcyOkg==
  dependencies:
    "@algolia/client-common" "4.10.3"
    "@algolia/client-search" "4.10.3"
    "@algolia/transporter" "4.10.3"

"@algolia/client-analytics@4.10.3":
  version "4.10.3"
  resolved "https://registry.yarnpkg.com/@algolia/client-analytics/-/client-analytics-4.10.3.tgz#43d934ef8df0cf551c78e6b2e9f2452e7fb27d93"
  integrity sha512-vlHTbBqJktRgclh3v7bPQLfZvFIqY4erNFIZA5C7nisCj9oLeTgzefoUrr+R90+I+XjfoLxnmoeigS1Z1yg1vw==
  dependencies:
    "@algolia/client-common" "4.10.3"
    "@algolia/client-search" "4.10.3"
    "@algolia/requester-common" "4.10.3"
    "@algolia/transporter" "4.10.3"

"@algolia/client-common@4.10.3":
  version "4.10.3"
  resolved "https://registry.yarnpkg.com/@algolia/client-common/-/client-common-4.10.3.tgz#c4257dd5c57c5c8ec4bd48a7b1897573e372d403"
  integrity sha512-uFyP2Z14jG2hsFRbAoavna6oJf4NTXaSDAZgouZUZlHlBp5elM38sjNeA5HR9/D9J/GjwaB1SgB7iUiIWYBB4w==
  dependencies:
    "@algolia/requester-common" "4.10.3"
    "@algolia/transporter" "4.10.3"

"@algolia/client-personalization@4.10.3":
  version "4.10.3"
  resolved "https://registry.yarnpkg.com/@algolia/client-personalization/-/client-personalization-4.10.3.tgz#58c800f90ab8ab4aa29abdf29a97e89e6bda419e"
  integrity sha512-NS7Nx8EJ/nduGXT8CFo5z7kLF0jnFehTP3eC+z+GOEESH3rrs7uR12IZHxv5QhQswZa9vl925zCOZDcDVoENCg==
  dependencies:
    "@algolia/client-common" "4.10.3"
    "@algolia/requester-common" "4.10.3"
    "@algolia/transporter" "4.10.3"

"@algolia/client-search@4.10.3":
  version "4.10.3"
  resolved "https://registry.yarnpkg.com/@algolia/client-search/-/client-search-4.10.3.tgz#aa6b02c2d528cb264830f276739b7f68b58988ef"
  integrity sha512-Zwnp2G94IrNFKWCG/k7epI5UswRkPvL9FCt7/slXe2bkjP2y/HA37gzRn+9tXoLVRwd7gBzrtOA4jFKIyjrtVw==
  dependencies:
    "@algolia/client-common" "4.10.3"
    "@algolia/requester-common" "4.10.3"
    "@algolia/transporter" "4.10.3"

"@algolia/logger-common@4.10.3":
  version "4.10.3"
  resolved "https://registry.yarnpkg.com/@algolia/logger-common/-/logger-common-4.10.3.tgz#6773d2e38581bf9ac57e2dda02f0c4f1bc72ce94"
  integrity sha512-M6xi+qov2bkgg1H9e1Qtvq/E/eKsGcgz8RBbXNzqPIYoDGZNkv+b3b8YMo3dxd4Wd6M24HU1iqF3kmr1LaXndg==

"@algolia/logger-console@4.10.3":
  version "4.10.3"
  resolved "https://registry.yarnpkg.com/@algolia/logger-console/-/logger-console-4.10.3.tgz#bd8bdc1f9dba89db37be25d673ac1f2e68de7913"
  integrity sha512-vVgRI7b4PHjgBdRkv/cRz490twvkLoGdpC4VYzIouSrKj8SIVLRhey3qgXk7oQXi3xoxVAv6NrklHfpO8Bpx0w==
  dependencies:
    "@algolia/logger-common" "4.10.3"

"@algolia/requester-browser-xhr@4.10.3":
  version "4.10.3"
  resolved "https://registry.yarnpkg.com/@algolia/requester-browser-xhr/-/requester-browser-xhr-4.10.3.tgz#81ae8f6caf562a28f96102f03da7f4b19bba568c"
  integrity sha512-4WIk1zreFbc1EF6+gsfBTQvwSNjWc20zJAAExRWql/Jq5yfVHmwOqi/CajA53/cXKFBqo80DAMRvOiwP+hOLYw==
  dependencies:
    "@algolia/requester-common" "4.10.3"

"@algolia/requester-common@4.10.3":
  version "4.10.3"
  resolved "https://registry.yarnpkg.com/@algolia/requester-common/-/requester-common-4.10.3.tgz#c3112393cff97be79863bc28de76f9c69b2f5a95"
  integrity sha512-PNfLHmg0Hujugs3rx55uz/ifv7b9HVdSFQDb2hj0O5xZaBEuQCNOXC6COrXR8+9VEfqp2swpg7zwgtqFxh+BtQ==

"@algolia/requester-node-http@4.10.3":
  version "4.10.3"
  resolved "https://registry.yarnpkg.com/@algolia/requester-node-http/-/requester-node-http-4.10.3.tgz#75ea7805ac0ba25a1124989d8632ef39c31441c1"
  integrity sha512-A9ZcGfEvgqf0luJApdNcIhsRh6MShn2zn2tbjwjGG1joF81w+HUY+BWuLZn56vGwAA9ZB9n00IoJJpxibbfofg==
  dependencies:
    "@algolia/requester-common" "4.10.3"

"@algolia/transporter@4.10.3":
  version "4.10.3"
  resolved "https://registry.yarnpkg.com/@algolia/transporter/-/transporter-4.10.3.tgz#0aeee752923957cffe63e4cf1c7a22ca48d96dde"
  integrity sha512-n1lRyKDbrckbMEgm7QXtj3nEWUuzA3aKLzVQ43/F/RCFib15j4IwtmYhXR6OIBRSc7+T0Hm48S0J6F+HeYCQkw==
  dependencies:
    "@algolia/cache-common" "4.10.3"
    "@algolia/logger-common" "4.10.3"
    "@algolia/requester-common" "4.10.3"

"@types/google.maps@^3.45.3":
  version "3.45.6"
  resolved "https://registry.yarnpkg.com/@types/google.maps/-/google.maps-3.45.6.tgz#441a7bc76424243b307596fc8d282a435a979ebd"
  integrity sha512-BzGzxs8UXFxeP8uN/0nRgGbsbpYQxSCKsv/7S8OitU7wwhfFcqQSm5aAcL1nbwueMiJ/VVmIZKPq69s0kX5W+Q==

"@types/hogan.js@^3.0.0":
  version "3.0.1"
  resolved "https://registry.yarnpkg.com/@types/hogan.js/-/hogan.js-3.0.1.tgz#64c54407b30da359763e14877f5702b8ae85d61c"
  integrity sha512-D03i/2OY7kGyMq9wdQ7oD8roE49z/ZCZThe/nbahtvuqCNZY9T2MfedOWyeBdbEpY2W8Gnh/dyJLdFtUCOkYbg==

"@types/qs@^6.5.3":
  version "6.9.7"
  resolved "https://registry.yarnpkg.com/@types/qs/-/qs-6.9.7.tgz#63bb7d067db107cc1e457c303bc25d511febf6cb"
  integrity sha512-FGa1F62FT09qcrueBA6qYTrJPVDzah9a+493+o2PCXsesWHIn27G98TsSMs3WPNbZIEj4+VJf6saSFpvD+3Zsw==

abbrev@1:
  version "1.1.1"
  resolved "https://registry.yarnpkg.com/abbrev/-/abbrev-1.1.1.tgz#f8f2c887ad10bf67f634f005b6987fed3179aac8"
  integrity sha512-nne9/IiQ/hzIhY6pdDnbBtz7DjPTKrY00P/zvPSm5pOFkl6xuGrGnXn/VtTNNfNtAfZ9/1RtehkszU9qcTii0Q==

algoliasearch-helper@^3.5.4:
  version "3.5.4"
  resolved "https://registry.yarnpkg.com/algoliasearch-helper/-/algoliasearch-helper-3.5.4.tgz#21b20ab8a258daa9dde9aef2daa5e8994cd66077"
  integrity sha512-t+FLhXYnPZiwjYe5ExyN962HQY8mi3KwRju3Lyf6OBgtRdx30d6mqvtClXf5NeBihH45Xzj6t4Y5YyvAI432XA==
  dependencies:
    events "^1.1.1"

algoliasearch@^4.10.3:
  version "4.10.3"
  resolved "https://registry.yarnpkg.com/algoliasearch/-/algoliasearch-4.10.3.tgz#22df4bb02fbf13a765b18b85df8745ee9c04f00a"
  integrity sha512-OLY0AWlPKGLbSaw14ivMB7BT5fPdp8VdzY4L8FtzZnqmLKsyes24cltGlf7/X96ACkYEcT390SReCDt/9SUIRg==
  dependencies:
    "@algolia/cache-browser-local-storage" "4.10.3"
    "@algolia/cache-common" "4.10.3"
    "@algolia/cache-in-memory" "4.10.3"
    "@algolia/client-account" "4.10.3"
    "@algolia/client-analytics" "4.10.3"
    "@algolia/client-common" "4.10.3"
    "@algolia/client-personalization" "4.10.3"
    "@algolia/client-search" "4.10.3"
    "@algolia/logger-common" "4.10.3"
    "@algolia/logger-console" "4.10.3"
    "@algolia/requester-browser-xhr" "4.10.3"
    "@algolia/requester-common" "4.10.3"
    "@algolia/requester-node-http" "4.10.3"
    "@algolia/transporter" "4.10.3"

call-bind@^1.0.0, call-bind@^1.0.2:
  version "1.0.2"
  resolved "https://registry.npmjs.org/call-bind/-/call-bind-1.0.2.tgz"
  integrity sha512-7O+FbCihrB5WGbFYesctwmTKae6rOiIzmz1icreWJ+0aA7LJfuqhEso2T9ncpcFtzMQtzXf2QGGueWJGTYsqrA==
  dependencies:
    function-bind "^1.1.1"
    get-intrinsic "^1.0.2"

classnames@^2.2.5:
  version "2.3.1"
  resolved "https://registry.yarnpkg.com/classnames/-/classnames-2.3.1.tgz#dfcfa3891e306ec1dad105d0e88f4417b8535e8e"
  integrity sha512-OlQdbZ7gLfGarSqxesMesDa5uz7KFbID8Kpq/SxIoNGDqY8lSYs0D+hhtBXhcdB3rcbXArFr7vlHheLk1voeNA==

confusing-browser-globals@^1.0.10:
  version "1.0.10"
  resolved "https://registry.npmjs.org/confusing-browser-globals/-/confusing-browser-globals-1.0.10.tgz"
  integrity sha512-gNld/3lySHwuhaVluJUKLePYirM3QNCKzVxqAdhJII9/WXKVX5PURzMVJspS1jTslSqjeuG4KMVTSouit5YPHA==

define-properties@^1.1.3:
  version "1.1.3"
  resolved "https://registry.npmjs.org/define-properties/-/define-properties-1.1.3.tgz"
  integrity sha512-3MqfYKj2lLzdMSf8ZIZE/V+Zuy+BgD6f164e8K2w7dgnpKArBDerGYpM46IYYcjnkdPNMjPk9A6VFB8+3SKlXQ==
  dependencies:
    object-keys "^1.0.12"

docsify-fulltextsearch@^1.0.6:
  version "1.0.6"
  resolved "https://registry.npmjs.org/docsify-fulltextsearch/-/docsify-fulltextsearch-1.0.6.tgz"
  integrity sha512-wOrhERNL2cmrKQZowtrdxxlxqHRumbRO8aSVrS9yVvxp/J6YoFHl2qSUFv68jyoNZ44j+rdCK/BxL8qptRWsbQ==
  dependencies:
    eslint-config-airbnb "^18.2.0"

es-abstract@^1.18.2:
  version "1.18.3"
  resolved "https://registry.npmjs.org/es-abstract/-/es-abstract-1.18.3.tgz"
  integrity sha512-nQIr12dxV7SSxE6r6f1l3DtAeEYdsGpps13dR0TwJg1S8gyp4ZPgy3FZcHBgbiQqnoqSTb+oC+kO4UQ0C/J8vw==
  dependencies:
    call-bind "^1.0.2"
    es-to-primitive "^1.2.1"
    function-bind "^1.1.1"
    get-intrinsic "^1.1.1"
    has "^1.0.3"
    has-symbols "^1.0.2"
    is-callable "^1.2.3"
    is-negative-zero "^2.0.1"
    is-regex "^1.1.3"
    is-string "^1.0.6"
    object-inspect "^1.10.3"
    object-keys "^1.1.1"
    object.assign "^4.1.2"
    string.prototype.trimend "^1.0.4"
    string.prototype.trimstart "^1.0.4"
    unbox-primitive "^1.0.1"

es-to-primitive@^1.2.1:
  version "1.2.1"
  resolved "https://registry.npmjs.org/es-to-primitive/-/es-to-primitive-1.2.1.tgz"
  integrity sha512-QCOllgZJtaUo9miYBcLChTUaHNjJF3PYs1VidD7AwiEj1kYxKeQTctLAezAOH5ZKRH0g2IgPn6KwB4IT8iRpvA==
  dependencies:
    is-callable "^1.1.4"
    is-date-object "^1.0.1"
    is-symbol "^1.0.2"

eslint-config-airbnb-base@^14.2.1:
  version "14.2.1"
  resolved "https://registry.npmjs.org/eslint-config-airbnb-base/-/eslint-config-airbnb-base-14.2.1.tgz"
  integrity sha512-GOrQyDtVEc1Xy20U7vsB2yAoB4nBlfH5HZJeatRXHleO+OS5Ot+MWij4Dpltw4/DyIkqUfqz1epfhVR5XWWQPA==
  dependencies:
    confusing-browser-globals "^1.0.10"
    object.assign "^4.1.2"
    object.entries "^1.1.2"

eslint-config-airbnb@^18.2.0:
  version "18.2.1"
  resolved "https://registry.npmjs.org/eslint-config-airbnb/-/eslint-config-airbnb-18.2.1.tgz"
  integrity sha512-glZNDEZ36VdlZWoxn/bUR1r/sdFKPd1mHPbqUtkctgNG4yT2DLLtJ3D+yCV+jzZCc2V1nBVkmdknOJBZ5Hc0fg==
  dependencies:
    eslint-config-airbnb-base "^14.2.1"
    object.assign "^4.1.2"
    object.entries "^1.1.2"

events@^1.1.0, events@^1.1.1:
  version "1.1.1"
  resolved "https://registry.yarnpkg.com/events/-/events-1.1.1.tgz#9ebdb7635ad099c70dcc4c2a1f5004288e8bd924"
  integrity sha1-nr23Y1rQmccNzEwqH1AEKI6L2SQ=

function-bind@^1.1.1:
  version "1.1.1"
  resolved "https://registry.npmjs.org/function-bind/-/function-bind-1.1.1.tgz"
  integrity sha512-yIovAzMX49sF8Yl58fSCWJ5svSLuaibPxXQJFLmBObTuCr0Mf1KiPopGM9NiFjiYBCbfaa2Fh6breQ6ANVTI0A==

get-intrinsic@^1.0.2, get-intrinsic@^1.1.1:
  version "1.1.1"
  resolved "https://registry.npmjs.org/get-intrinsic/-/get-intrinsic-1.1.1.tgz"
  integrity sha512-kWZrnVM42QCiEA2Ig1bG8zjoIMOgxWwYCEeNdwY6Tv/cOSeGpcoX4pXHfKUxNKVoArnrEr2e9srnAxxGIraS9Q==
  dependencies:
    function-bind "^1.1.1"
    has "^1.0.3"
    has-symbols "^1.0.1"

handlebars@^4.7.7:
  version "4.7.7"
  resolved "https://registry.npmjs.org/handlebars/-/handlebars-4.7.7.tgz"
  integrity sha512-aAcXm5OAfE/8IXkcZvCepKU3VzW1/39Fb5ZuqMtgI/hT8X2YgoMvBY5dLhq/cpOvw7Lk1nK/UF71aLG/ZnVYRA==
  dependencies:
    minimist "^1.2.5"
    neo-async "^2.6.0"
    source-map "^0.6.1"
    wordwrap "^1.0.0"
  optionalDependencies:
    uglify-js "^3.1.4"

has-bigints@^1.0.1:
  version "1.0.1"
  resolved "https://registry.npmjs.org/has-bigints/-/has-bigints-1.0.1.tgz"
  integrity sha512-LSBS2LjbNBTf6287JEbEzvJgftkF5qFkmCo9hDRpAzKhUOlJ+hx8dd4USs00SgsUNwc4617J9ki5YtEClM2ffA==

has-symbols@^1.0.1, has-symbols@^1.0.2:
  version "1.0.2"
  resolved "https://registry.npmjs.org/has-symbols/-/has-symbols-1.0.2.tgz"
  integrity sha512-chXa79rL/UC2KlX17jo3vRGz0azaWEx5tGqZg5pO3NUyEJVB17dMruQlzCCOfUvElghKcm5194+BCRvi2Rv/Gw==

has@^1.0.3:
  version "1.0.3"
  resolved "https://registry.npmjs.org/has/-/has-1.0.3.tgz"
  integrity sha512-f2dvO0VU6Oej7RkWJGrehjbzMAjFp5/VKPp5tTpWIV4JHHZK1/BxbFRtf/siA2SWTe09caDmVtYYzWEIbBS4zw==
  dependencies:
    function-bind "^1.1.1"

hogan.js@^3.0.2:
  version "3.0.2"
  resolved "https://registry.yarnpkg.com/hogan.js/-/hogan.js-3.0.2.tgz#4cd9e1abd4294146e7679e41d7898732b02c7bfd"
  integrity sha1-TNnhq9QpQUbnZ55B14mHMrAse/0=
  dependencies:
    mkdirp "0.3.0"
    nopt "1.0.10"

instantsearch.js@^4.25.1:
  version "4.25.1"
  resolved "https://registry.yarnpkg.com/instantsearch.js/-/instantsearch.js-4.25.1.tgz#7288376705630994d064a69294743edc2f913351"
  integrity sha512-RVJsV0wMric9ilLsZqJ3+Mw7ekKOLV5tvy7hEJlIwarWwidTEtvtdQBq3t/0zJrryRUVKJHR8YCwx6xERAtXhQ==
  dependencies:
    "@types/google.maps" "^3.45.3"
    "@types/hogan.js" "^3.0.0"
    "@types/qs" "^6.5.3"
    algoliasearch-helper "^3.5.4"
    classnames "^2.2.5"
    events "^1.1.0"
    hogan.js "^3.0.2"
    preact "^10.0.0"
    qs "^6.5.1 < 6.10"

is-bigint@^1.0.1:
  version "1.0.2"
  resolved "https://registry.npmjs.org/is-bigint/-/is-bigint-1.0.2.tgz"
  integrity sha512-0JV5+SOCQkIdzjBK9buARcV804Ddu7A0Qet6sHi3FimE9ne6m4BGQZfRn+NZiXbBk4F4XmHfDZIipLj9pX8dSA==

is-boolean-object@^1.1.0:
  version "1.1.1"
  resolved "https://registry.npmjs.org/is-boolean-object/-/is-boolean-object-1.1.1.tgz"
  integrity sha512-bXdQWkECBUIAcCkeH1unwJLIpZYaa5VvuygSyS/c2lf719mTKZDU5UdDRlpd01UjADgmW8RfqaP+mRaVPdr/Ng==
  dependencies:
    call-bind "^1.0.2"

is-callable@^1.1.4, is-callable@^1.2.3:
  version "1.2.3"
  resolved "https://registry.npmjs.org/is-callable/-/is-callable-1.2.3.tgz"
  integrity sha512-J1DcMe8UYTBSrKezuIUTUwjXsho29693unXM2YhJUTR2txK/eG47bvNa/wipPFmZFgr/N6f1GA66dv0mEyTIyQ==

is-date-object@^1.0.1:
  version "1.0.4"
  resolved "https://registry.npmjs.org/is-date-object/-/is-date-object-1.0.4.tgz"
  integrity sha512-/b4ZVsG7Z5XVtIxs/h9W8nvfLgSAyKYdtGWQLbqy6jA1icmgjf8WCoTKgeS4wy5tYaPePouzFMANbnj94c2Z+A==

is-negative-zero@^2.0.1:
  version "2.0.1"
  resolved "https://registry.npmjs.org/is-negative-zero/-/is-negative-zero-2.0.1.tgz"
  integrity sha512-2z6JzQvZRa9A2Y7xC6dQQm4FSTSTNWjKIYYTt4246eMTJmIo0Q+ZyOsU66X8lxK1AbB92dFeglPLrhwpeRKO6w==

is-number-object@^1.0.4:
  version "1.0.5"
  resolved "https://registry.npmjs.org/is-number-object/-/is-number-object-1.0.5.tgz"
  integrity sha512-RU0lI/n95pMoUKu9v1BZP5MBcZuNSVJkMkAG2dJqC4z2GlkGUNeH68SuHuBKBD/XFe+LHZ+f9BKkLET60Niedw==

is-regex@^1.1.3:
  version "1.1.3"
  resolved "https://registry.npmjs.org/is-regex/-/is-regex-1.1.3.tgz"
  integrity sha512-qSVXFz28HM7y+IWX6vLCsexdlvzT1PJNFSBuaQLQ5o0IEw8UDYW6/2+eCMVyIsbM8CNLX2a/QWmSpyxYEHY7CQ==
  dependencies:
    call-bind "^1.0.2"
    has-symbols "^1.0.2"

is-string@^1.0.5, is-string@^1.0.6:
  version "1.0.6"
  resolved "https://registry.npmjs.org/is-string/-/is-string-1.0.6.tgz"
  integrity sha512-2gdzbKUuqtQ3lYNrUTQYoClPhm7oQu4UdpSZMp1/DGgkHBT8E2Z1l0yMdb6D4zNAxwDiMv8MdulKROJGNl0Q0w==

is-symbol@^1.0.2, is-symbol@^1.0.3:
  version "1.0.4"
  resolved "https://registry.npmjs.org/is-symbol/-/is-symbol-1.0.4.tgz"
  integrity sha512-C/CPBqKWnvdcxqIARxyOh4v1UUEOCHpgDa0WYgpKDFMszcrPcffg5uhwSgPCLD2WWxmq6isisz87tzT01tuGhg==
  dependencies:
    has-symbols "^1.0.2"

marked@^2.1.3:
  version "2.1.3"
  resolved "https://registry.yarnpkg.com/marked/-/marked-2.1.3.tgz#bd017cef6431724fd4b27e0657f5ceb14bff3753"
  integrity sha512-/Q+7MGzaETqifOMWYEA7HVMaZb4XbcRfaOzcSsHZEith83KGlvaSG33u0SKu89Mj5h+T8V2hM+8O45Qc5XTgwA==

minimist@^1.2.5:
  version "1.2.5"
  resolved "https://registry.npmjs.org/minimist/-/minimist-1.2.5.tgz"
  integrity sha512-FM9nNUYrRBAELZQT3xeZQ7fmMOBg6nWNmJKTcgsJeaLstP/UODVpGsr5OhXhhXg6f+qtJ8uiZ+PUxkDWcgIXLw==

mkdirp@0.3.0:
  version "0.3.0"
  resolved "https://registry.yarnpkg.com/mkdirp/-/mkdirp-0.3.0.tgz#1bbf5ab1ba827af23575143490426455f481fe1e"
  integrity sha1-G79asbqCevI1dRQ0kEJkVfSB/h4=

neo-async@^2.6.0:
  version "2.6.2"
  resolved "https://registry.npmjs.org/neo-async/-/neo-async-2.6.2.tgz"
  integrity sha512-Yd3UES5mWCSqR+qNT93S3UoYUkqAZ9lLg8a7g9rimsWmYGK8cVToA4/sF3RrshdyV3sAGMXVUmpMYOw+dLpOuw==

nopt@1.0.10:
  version "1.0.10"
  resolved "https://registry.yarnpkg.com/nopt/-/nopt-1.0.10.tgz#6ddd21bd2a31417b92727dd585f8a6f37608ebee"
  integrity sha1-bd0hvSoxQXuScn3Vhfim83YI6+4=
  dependencies:
    abbrev "1"

object-inspect@^1.10.3:
  version "1.10.3"
  resolved "https://registry.npmjs.org/object-inspect/-/object-inspect-1.10.3.tgz"
  integrity sha512-e5mCJlSH7poANfC8z8S9s9S2IN5/4Zb3aZ33f5s8YqoazCFzNLloLU8r5VCG+G7WoqLvAAZoVMcy3tp/3X0Plw==

object-keys@^1.0.12, object-keys@^1.1.1:
  version "1.1.1"
  resolved "https://registry.npmjs.org/object-keys/-/object-keys-1.1.1.tgz"
  integrity sha512-NuAESUOUMrlIXOfHKzD6bpPu3tYt3xvjNdRIQ+FeT0lNb4K8WR70CaDxhuNguS2XG+GjkyMwOzsN5ZktImfhLA==

object.assign@^4.1.2:
  version "4.1.2"
  resolved "https://registry.npmjs.org/object.assign/-/object.assign-4.1.2.tgz"
  integrity sha512-ixT2L5THXsApyiUPYKmW+2EHpXXe5Ii3M+f4e+aJFAHao5amFRW6J0OO6c/LU8Be47utCx2GL89hxGB6XSmKuQ==
  dependencies:
    call-bind "^1.0.0"
    define-properties "^1.1.3"
    has-symbols "^1.0.1"
    object-keys "^1.1.1"

object.entries@^1.1.2:
  version "1.1.4"
  resolved "https://registry.npmjs.org/object.entries/-/object.entries-1.1.4.tgz"
  integrity sha512-h4LWKWE+wKQGhtMjZEBud7uLGhqyLwj8fpHOarZhD2uY3C9cRtk57VQ89ke3moByLXMedqs3XCHzyb4AmA2DjA==
  dependencies:
    call-bind "^1.0.2"
    define-properties "^1.1.3"
    es-abstract "^1.18.2"

preact@^10.0.0:
  version "10.5.14"
  resolved "https://registry.yarnpkg.com/preact/-/preact-10.5.14.tgz#0b14a2eefba3c10a57116b90d1a65f5f00cd2701"
  integrity sha512-KojoltCrshZ099ksUZ2OQKfbH66uquFoxHSbnwKbTJHeQNvx42EmC7wQVWNuDt6vC5s3nudRHFtKbpY4ijKlaQ==

"qs@^6.5.1 < 6.10":
  version "6.9.6"
  resolved "https://registry.yarnpkg.com/qs/-/qs-6.9.6.tgz#26ed3c8243a431b2924aca84cc90471f35d5a0ee"
  integrity sha512-TIRk4aqYLNoJUbd+g2lEdz5kLWIuTMRagAXxl78Q0RiVjAOugHmeKNGdd3cwo/ktpf9aL9epCfFqWDEKysUlLQ==

source-map@^0.6.1:
  version "0.6.1"
  resolved "https://registry.npmjs.org/source-map/-/source-map-0.6.1.tgz"
  integrity sha512-UjgapumWlbMhkBgzT7Ykc5YXUT46F0iKu8SGXq0bcwP5dz/h0Plj6enJqjz1Zbq2l5WaqYnrVbwWOWMyF3F47g==

string.prototype.trimend@^1.0.4:
  version "1.0.4"
  resolved "https://registry.npmjs.org/string.prototype.trimend/-/string.prototype.trimend-1.0.4.tgz"
  integrity sha512-y9xCjw1P23Awk8EvTpcyL2NIr1j7wJ39f+k6lvRnSMz+mz9CGz9NYPelDk42kOz6+ql8xjfK8oYzy3jAP5QU5A==
  dependencies:
    call-bind "^1.0.2"
    define-properties "^1.1.3"

string.prototype.trimstart@^1.0.4:
  version "1.0.4"
  resolved "https://registry.npmjs.org/string.prototype.trimstart/-/string.prototype.trimstart-1.0.4.tgz"
  integrity sha512-jh6e984OBfvxS50tdY2nRZnoC5/mLFKOREQfw8t5yytkoUsJRNxvI/E39qu1sD0OtWI3OC0XgKSmcWwziwYuZw==
  dependencies:
    call-bind "^1.0.2"
    define-properties "^1.1.3"

typescript@^4.3.4:
  version "4.3.4"
  resolved "https://registry.npmjs.org/typescript/-/typescript-4.3.4.tgz"
  integrity sha512-uauPG7XZn9F/mo+7MrsRjyvbxFpzemRjKEZXS4AK83oP2KKOJPvb+9cO/gmnv8arWZvhnjVOXz7B49m1l0e9Ew==

uglify-js@^3.1.4:
  version "3.13.10"
  resolved "https://registry.npmjs.org/uglify-js/-/uglify-js-3.13.10.tgz"
  integrity sha512-57H3ACYFXeo1IaZ1w02sfA71wI60MGco/IQFjOqK+WtKoprh7Go2/yvd2HPtoJILO2Or84ncLccI4xoHMTSbGg==

unbox-primitive@^1.0.1:
  version "1.0.1"
  resolved "https://registry.npmjs.org/unbox-primitive/-/unbox-primitive-1.0.1.tgz"
  integrity sha512-tZU/3NqK3dA5gpE1KtyiJUrEB0lxnGkMFHptJ7q6ewdZ8s12QrODwNbhIJStmJkd1QDXa1NRA8aF2A1zk/Ypyw==
  dependencies:
    function-bind "^1.1.1"
    has-bigints "^1.0.1"
    has-symbols "^1.0.2"
    which-boxed-primitive "^1.0.2"

which-boxed-primitive@^1.0.2:
  version "1.0.2"
  resolved "https://registry.npmjs.org/which-boxed-primitive/-/which-boxed-primitive-1.0.2.tgz"
  integrity sha512-bwZdv0AKLpplFY2KZRX6TvyuN7ojjr7lwkg6ml0roIy9YeuSr7JS372qlNW18UQYzgYK9ziGcerWqZOmEn9VNg==
  dependencies:
    is-bigint "^1.0.1"
    is-boolean-object "^1.1.0"
    is-number-object "^1.0.4"
    is-string "^1.0.5"
    is-symbol "^1.0.3"

wordwrap@^1.0.0:
  version "1.0.0"
  resolved "https://registry.npmjs.org/wordwrap/-/wordwrap-1.0.0.tgz"
  integrity sha1-J1hIEIkUVqQXHI0CJkQa3pDLyus=
